
Microsoft Visual Studio Solution File, Format Version 12.00
# Visual Studio Version 17
VisualStudioVersion = 17.7.34221.43
MinimumVisualStudioVersion = 10.0.40219.1
Project("{FAE04EC0-301F-11D3-BF4B-00C04F79EFBC}") = "GAClassMethods_ManjulaRajan", "GAClassMethods_ManjulaRajan\GAClassMethods_ManjulaRajan.csproj", "{1A5CD02B-A4F7-4ADB-A6CB-7122C6F1B4F6}"
EndProject
Global
	GlobalSection(SolutionConfigurationPlatforms) = preSolution
		Debug|Any CPU = Debug|Any CPU
		Release|Any CPU = Release|Any CPU
	EndGlobalSection
	GlobalSection(ProjectConfigurationPlatforms) = postSolution
		{1A5CD02B-A4F7-4ADB-A6CB-7122C6F1B4F6}.Debug|Any CPU.ActiveCfg = Debug|Any CPU
		{1A5CD02B-A4F7-4ADB-A6CB-7122C6F1B4F6}.Debug|Any CPU.Build.0 = Debug|Any CPU
		{1A5CD02B-A4F7-4ADB-A6CB-7122C6F1B4F6}.Release|Any CPU.ActiveCfg = Release|Any CPU
		{1A5CD02B-A4F7-4ADB-A6CB-7122C6F1B4F6}.Release|Any CPU.Build.0 = Release|Any CPU
	EndGlobalSection
	GlobalSection(SolutionProperties) = preSolution
		HideSolutionNode = FALSE
	EndGlobalSection
	GlobalSection(ExtensibilityGlobals) = postSolution
		SolutionGuid = {717615A4-95A8-49E7-A9BE-37C18B2689F9}
	EndGlobalSection
EndGlobal
